
Microsoft Visual Studio Solution File, Format Version 12.00
# Visual Studio Version 16
VisualStudioVersion = 16.0.29505.145
MinimumVisualStudioVersion = 10.0.40219.1
Project("{2150E333-8FDC-42A3-9474-1A3956D46DE8}") = "Solution Items", "Solution Items", "{982DE15C-A991-4BB5-A657-77675C209F72}"
	ProjectSection(SolutionItems) = preProject
		.editorconfig = .editorconfig
		Protos\collatz.proto = Protos\collatz.proto
		nuget.config = nuget.config
		README.md = README.md
	EndProjectSection
EndProject
Project("{9A19103F-16F7-4668-BE54-9A1E7A4F7556}") = "BlazingTheWeb.WebAssembly", "BlazingTheWeb.WebAssembly\BlazingTheWeb.WebAssembly.csproj", "{537FFF8F-2BA9-4A57-91ED-F36543E835A8}"
EndProject
Project("{9A19103F-16F7-4668-BE54-9A1E7A4F7556}") = "BlazingTheWeb.Core", "BlazingTheWeb.Core\BlazingTheWeb.Core.csproj", "{1D3E42D0-D766-4231-8377-D4A6A469508A}"
EndProject
Project("{9A19103F-16F7-4668-BE54-9A1E7A4F7556}") = "BlazingTheWeb.Core.Tests", "BlazingTheWeb.Core.Tests\BlazingTheWeb.Core.Tests.csproj", "{F0B01178-51CA-4F78-B8C1-C8C81B2ECB46}"
EndProject
Project("{9A19103F-16F7-4668-BE54-9A1E7A4F7556}") = "BlazingTheWeb.UsingWasmInCSharp", "BlazingTheWeb.UsingWasmInCSharp\BlazingTheWeb.UsingWasmInCSharp.csproj", "{4160940A-322F-4D3D-ACC2-3496EA963A33}"
EndProject
Project("{9A19103F-16F7-4668-BE54-9A1E7A4F7556}") = "BlazingTheWeb.WebComponents", "BlazingTheWeb.WebComponents\BlazingTheWeb.WebComponents.csproj", "{73E77072-9024-4055-9F60-B3F6E24F1D37}"
EndProject
Project("{9A19103F-16F7-4668-BE54-9A1E7A4F7556}") = "BlazingTheWeb.WebAssemblyHost", "BlazingTheWeb.WebAssemblyHost\BlazingTheWeb.WebAssemblyHost.csproj", "{425492D7-CF14-4D79-A3D4-FB63755547E5}"
EndProject
Project("{9A19103F-16F7-4668-BE54-9A1E7A4F7556}") = "BlazingTheWeb.ServerSideHost", "BlazingTheWeb.ServerSideHost\BlazingTheWeb.ServerSideHost.csproj", "{05E888F7-E78B-40B3-9263-EE3D454CDECD}"
EndProject
Project("{9A19103F-16F7-4668-BE54-9A1E7A4F7556}") = "Microsoft.AspNetCore.Components.Testing", "Microsoft.AspNetCore.Components.Testing\Microsoft.AspNetCore.Components.Testing.csproj", "{D1E10EBE-9D99-468D-AD9D-396F6B7BE958}"
EndProject
Project("{9A19103F-16F7-4668-BE54-9A1E7A4F7556}") = "BlazingTheWeb.WebComponents.Tests", "BlazingTheWeb.WebComponents.Tests\BlazingTheWeb.WebComponents.Tests.csproj", "{55321608-F943-4BDF-8746-D74D88CDBD83}"
EndProject
Project("{9A19103F-16F7-4668-BE54-9A1E7A4F7556}") = "BlazingTheWeb.ConsoleHost", "BlazingTheWeb.ConsoleHost\BlazingTheWeb.ConsoleHost.csproj", "{A0BF6EFA-0E4C-4677-8181-AD93EE8FE8BE}"
EndProject
Project("{9A19103F-16F7-4668-BE54-9A1E7A4F7556}") = "BlazingTheWeb.ServiceHost", "BlazingTheWeb.ServiceHost\BlazingTheWeb.ServiceHost.csproj", "{A0CD6D07-A69F-48F5-B28B-EFD56B0B60E2}"
EndProject
Project("{9A19103F-16F7-4668-BE54-9A1E7A4F7556}") = "BlazingTheWeb.SeleniumTests", "BlazingTheWeb.SeleniumTests\BlazingTheWeb.SeleniumTests.csproj", "{791BA695-E5C2-4E7E-8275-9ED8A4379D53}"
EndProject
Global
	GlobalSection(SolutionConfigurationPlatforms) = preSolution
		Debug|Any CPU = Debug|Any CPU
		Release|Any CPU = Release|Any CPU
	EndGlobalSection
	GlobalSection(ProjectConfigurationPlatforms) = postSolution
		{537FFF8F-2BA9-4A57-91ED-F36543E835A8}.Debug|Any CPU.ActiveCfg = Debug|Any CPU
		{537FFF8F-2BA9-4A57-91ED-F36543E835A8}.Debug|Any CPU.Build.0 = Debug|Any CPU
		{537FFF8F-2BA9-4A57-91ED-F36543E835A8}.Release|Any CPU.ActiveCfg = Release|Any CPU
		{537FFF8F-2BA9-4A57-91ED-F36543E835A8}.Release|Any CPU.Build.0 = Release|Any CPU
		{1D3E42D0-D766-4231-8377-D4A6A469508A}.Debug|Any CPU.ActiveCfg = Debug|Any CPU
		{1D3E42D0-D766-4231-8377-D4A6A469508A}.Debug|Any CPU.Build.0 = Debug|Any CPU
		{1D3E42D0-D766-4231-8377-D4A6A469508A}.Release|Any CPU.ActiveCfg = Release|Any CPU
		{1D3E42D0-D766-4231-8377-D4A6A469508A}.Release|Any CPU.Build.0 = Release|Any CPU
		{F0B01178-51CA-4F78-B8C1-C8C81B2ECB46}.Debug|Any CPU.ActiveCfg = Debug|Any CPU
		{F0B01178-51CA-4F78-B8C1-C8C81B2ECB46}.Debug|Any CPU.Build.0 = Debug|Any CPU
		{F0B01178-51CA-4F78-B8C1-C8C81B2ECB46}.Release|Any CPU.ActiveCfg = Release|Any CPU
		{F0B01178-51CA-4F78-B8C1-C8C81B2ECB46}.Release|Any CPU.Build.0 = Release|Any CPU
		{4160940A-322F-4D3D-ACC2-3496EA963A33}.Debug|Any CPU.ActiveCfg = Debug|Any CPU
		{4160940A-322F-4D3D-ACC2-3496EA963A33}.Debug|Any CPU.Build.0 = Debug|Any CPU
		{4160940A-322F-4D3D-ACC2-3496EA963A33}.Release|Any CPU.ActiveCfg = Release|Any CPU
		{4160940A-322F-4D3D-ACC2-3496EA963A33}.Release|Any CPU.Build.0 = Release|Any CPU
		{73E77072-9024-4055-9F60-B3F6E24F1D37}.Debug|Any CPU.ActiveCfg = Debug|Any CPU
		{73E77072-9024-4055-9F60-B3F6E24F1D37}.Debug|Any CPU.Build.0 = Debug|Any CPU
		{73E77072-9024-4055-9F60-B3F6E24F1D37}.Release|Any CPU.ActiveCfg = Release|Any CPU
		{73E77072-9024-4055-9F60-B3F6E24F1D37}.Release|Any CPU.Build.0 = Release|Any CPU
		{425492D7-CF14-4D79-A3D4-FB63755547E5}.Debug|Any CPU.ActiveCfg = Debug|Any CPU
		{425492D7-CF14-4D79-A3D4-FB63755547E5}.Debug|Any CPU.Build.0 = Debug|Any CPU
		{425492D7-CF14-4D79-A3D4-FB63755547E5}.Release|Any CPU.ActiveCfg = Release|Any CPU
		{425492D7-CF14-4D79-A3D4-FB63755547E5}.Release|Any CPU.Build.0 = Release|Any CPU
		{05E888F7-E78B-40B3-9263-EE3D454CDECD}.Debug|Any CPU.ActiveCfg = Debug|Any CPU
		{05E888F7-E78B-40B3-9263-EE3D454CDECD}.Debug|Any CPU.Build.0 = Debug|Any CPU
		{05E888F7-E78B-40B3-9263-EE3D454CDECD}.Release|Any CPU.ActiveCfg = Release|Any CPU
		{05E888F7-E78B-40B3-9263-EE3D454CDECD}.Release|Any CPU.Build.0 = Release|Any CPU
		{D1E10EBE-9D99-468D-AD9D-396F6B7BE958}.Debug|Any CPU.ActiveCfg = Debug|Any CPU
		{D1E10EBE-9D99-468D-AD9D-396F6B7BE958}.Debug|Any CPU.Build.0 = Debug|Any CPU
		{D1E10EBE-9D99-468D-AD9D-396F6B7BE958}.Release|Any CPU.ActiveCfg = Release|Any CPU
		{D1E10EBE-9D99-468D-AD9D-396F6B7BE958}.Release|Any CPU.Build.0 = Release|Any CPU
		{55321608-F943-4BDF-8746-D74D88CDBD83}.Debug|Any CPU.ActiveCfg = Debug|Any CPU
		{55321608-F943-4BDF-8746-D74D88CDBD83}.Debug|Any CPU.Build.0 = Debug|Any CPU
		{55321608-F943-4BDF-8746-D74D88CDBD83}.Release|Any CPU.ActiveCfg = Release|Any CPU
		{55321608-F943-4BDF-8746-D74D88CDBD83}.Release|Any CPU.Build.0 = Release|Any CPU
		{A0BF6EFA-0E4C-4677-8181-AD93EE8FE8BE}.Debug|Any CPU.ActiveCfg = Debug|Any CPU
		{A0BF6EFA-0E4C-4677-8181-AD93EE8FE8BE}.Debug|Any CPU.Build.0 = Debug|Any CPU
		{A0BF6EFA-0E4C-4677-8181-AD93EE8FE8BE}.Release|Any CPU.ActiveCfg = Release|Any CPU
		{A0BF6EFA-0E4C-4677-8181-AD93EE8FE8BE}.Release|Any CPU.Build.0 = Release|Any CPU
		{A0CD6D07-A69F-48F5-B28B-EFD56B0B60E2}.Debug|Any CPU.ActiveCfg = Debug|Any CPU
		{A0CD6D07-A69F-48F5-B28B-EFD56B0B60E2}.Debug|Any CPU.Build.0 = Debug|Any CPU
		{A0CD6D07-A69F-48F5-B28B-EFD56B0B60E2}.Release|Any CPU.ActiveCfg = Release|Any CPU
		{A0CD6D07-A69F-48F5-B28B-EFD56B0B60E2}.Release|Any CPU.Build.0 = Release|Any CPU
		{791BA695-E5C2-4E7E-8275-9ED8A4379D53}.Debug|Any CPU.ActiveCfg = Debug|Any CPU
		{791BA695-E5C2-4E7E-8275-9ED8A4379D53}.Debug|Any CPU.Build.0 = Debug|Any CPU
		{791BA695-E5C2-4E7E-8275-9ED8A4379D53}.Release|Any CPU.ActiveCfg = Release|Any CPU
		{791BA695-E5C2-4E7E-8275-9ED8A4379D53}.Release|Any CPU.Build.0 = Release|Any CPU
	EndGlobalSection
	GlobalSection(SolutionProperties) = preSolution
		HideSolutionNode = FALSE
	EndGlobalSection
	GlobalSection(ExtensibilityGlobals) = postSolution
		SolutionGuid = {B73D8EF9-6975-4B68-8A1A-51F574D609B4}
	EndGlobalSection
EndGlobal
